
Microsoft Visual Studio Solution File, Format Version 12.00
# Visual Studio Version 17
VisualStudioVersion = 17.9.34714.143
MinimumVisualStudioVersion = 10.0.40219.1
Project("{FAE04EC0-301F-11D3-BF4B-00C04F79EFBC}") = "Lab02", "Lab02.csproj", "{2A2876E5-969F-4FF9-8A1E-AF1A9A253006}"
EndProject
Global
	GlobalSection(SolutionConfigurationPlatforms) = preSolution
		Debug|Any CPU = Debug|Any CPU
		Release|Any CPU = Release|Any CPU
	EndGlobalSection
	GlobalSection(ProjectConfigurationPlatforms) = postSolution
		{2A2876E5-969F-4FF9-8A1E-AF1A9A253006}.Debug|Any CPU.ActiveCfg = Debug|Any CPU
		{2A2876E5-969F-4FF9-8A1E-AF1A9A253006}.Debug|Any CPU.Build.0 = Debug|Any CPU
		{2A2876E5-969F-4FF9-8A1E-AF1A9A253006}.Release|Any CPU.ActiveCfg = Release|Any CPU
		{2A2876E5-969F-4FF9-8A1E-AF1A9A253006}.Release|Any CPU.Build.0 = Release|Any CPU
	EndGlobalSection
	GlobalSection(SolutionProperties) = preSolution
		HideSolutionNode = FALSE
	EndGlobalSection
	GlobalSection(ExtensibilityGlobals) = postSolution
		SolutionGuid = {136941C4-9552-4328-A939-855E8FB14933}
	EndGlobalSection
EndGlobal
