
Microsoft Visual Studio Solution File, Format Version 12.00
# Visual Studio Version 17
VisualStudioVersion = 17.10.34916.146
MinimumVisualStudioVersion = 10.0.40219.1
Project("{FAE04EC0-301F-11D3-BF4B-00C04F79EFBC}") = "Ejercicio4", "Ejercicio4.csproj", "{217B8C58-86BF-429A-B615-82BA492ADEC1}"
EndProject
Project("{FAE04EC0-301F-11D3-BF4B-00C04F79EFBC}") = "ClassLibrary2", "..\ClassLibrary2\ClassLibrary2.csproj", "{55283648-4AFB-477C-80A4-8F76A9FF3746}"
EndProject
Global
	GlobalSection(SolutionConfigurationPlatforms) = preSolution
		Debug|Any CPU = Debug|Any CPU
		Release|Any CPU = Release|Any CPU
	EndGlobalSection
	GlobalSection(ProjectConfigurationPlatforms) = postSolution
		{217B8C58-86BF-429A-B615-82BA492ADEC1}.Debug|Any CPU.ActiveCfg = Debug|Any CPU
		{217B8C58-86BF-429A-B615-82BA492ADEC1}.Debug|Any CPU.Build.0 = Debug|Any CPU
		{217B8C58-86BF-429A-B615-82BA492ADEC1}.Release|Any CPU.ActiveCfg = Release|Any CPU
		{217B8C58-86BF-429A-B615-82BA492ADEC1}.Release|Any CPU.Build.0 = Release|Any CPU
		{55283648-4AFB-477C-80A4-8F76A9FF3746}.Debug|Any CPU.ActiveCfg = Debug|Any CPU
		{55283648-4AFB-477C-80A4-8F76A9FF3746}.Debug|Any CPU.Build.0 = Debug|Any CPU
		{55283648-4AFB-477C-80A4-8F76A9FF3746}.Release|Any CPU.ActiveCfg = Release|Any CPU
		{55283648-4AFB-477C-80A4-8F76A9FF3746}.Release|Any CPU.Build.0 = Release|Any CPU
	EndGlobalSection
	GlobalSection(SolutionProperties) = preSolution
		HideSolutionNode = FALSE
	EndGlobalSection
	GlobalSection(ExtensibilityGlobals) = postSolution
		SolutionGuid = {32D434B6-1BC3-4AB5-A5D8-29596AED8577}
	EndGlobalSection
EndGlobal
