
Microsoft Visual Studio Solution File, Format Version 12.00
# Visual Studio Version 17
VisualStudioVersion = 17.10.35013.160
MinimumVisualStudioVersion = 10.0.40219.1
Project("{FAE04EC0-301F-11D3-BF4B-00C04F79EFBC}") = "Entidades", "Entidades\Entidades.csproj", "{90CB7CEA-82C2-4B78-8D79-837136E67AB3}"
EndProject
Project("{FAE04EC0-301F-11D3-BF4B-00C04F79EFBC}") = "Negocio", "Negocio\Negocio.csproj", "{7FD386E2-853C-4C01-86B5-A29D85B77E17}"
EndProject
Global
	GlobalSection(SolutionConfigurationPlatforms) = preSolution
		Debug|Any CPU = Debug|Any CPU
		Release|Any CPU = Release|Any CPU
	EndGlobalSection
	GlobalSection(ProjectConfigurationPlatforms) = postSolution
		{90CB7CEA-82C2-4B78-8D79-837136E67AB3}.Debug|Any CPU.ActiveCfg = Debug|Any CPU
		{90CB7CEA-82C2-4B78-8D79-837136E67AB3}.Debug|Any CPU.Build.0 = Debug|Any CPU
		{90CB7CEA-82C2-4B78-8D79-837136E67AB3}.Release|Any CPU.ActiveCfg = Release|Any CPU
		{90CB7CEA-82C2-4B78-8D79-837136E67AB3}.Release|Any CPU.Build.0 = Release|Any CPU
		{7FD386E2-853C-4C01-86B5-A29D85B77E17}.Debug|Any CPU.ActiveCfg = Debug|Any CPU
		{7FD386E2-853C-4C01-86B5-A29D85B77E17}.Debug|Any CPU.Build.0 = Debug|Any CPU
		{7FD386E2-853C-4C01-86B5-A29D85B77E17}.Release|Any CPU.ActiveCfg = Release|Any CPU
		{7FD386E2-853C-4C01-86B5-A29D85B77E17}.Release|Any CPU.Build.0 = Release|Any CPU
	EndGlobalSection
	GlobalSection(SolutionProperties) = preSolution
		HideSolutionNode = FALSE
	EndGlobalSection
	GlobalSection(ExtensibilityGlobals) = postSolution
		SolutionGuid = {1CE16578-AC0A-4971-8624-E5C7F46F030F}
	EndGlobalSection
EndGlobal
