
Microsoft Visual Studio Solution File, Format Version 12.00
# Visual Studio Version 17
VisualStudioVersion = 17.10.34916.146
MinimumVisualStudioVersion = 10.0.40219.1
Project("{FAE04EC0-301F-11D3-BF4B-00C04F79EFBC}") = "ClienteServicios", "ClienteServicios\ClienteServicios.csproj", "{D3502B46-C777-453F-8235-4048AB8ED291}"
EndProject
Project("{FAE04EC0-301F-11D3-BF4B-00C04F79EFBC}") = "Entidades", "Entidades\Entidades.csproj", "{815A98CD-DB5F-4813-9CF4-94D37CCC0952}"
EndProject
Project("{FAE04EC0-301F-11D3-BF4B-00C04F79EFBC}") = "Negocio", "Negocio\Negocio.csproj", "{7A37433F-B9F7-4BB2-BD49-91F21F8BD197}"
EndProject
Global
	GlobalSection(SolutionConfigurationPlatforms) = preSolution
		Debug|Any CPU = Debug|Any CPU
		Release|Any CPU = Release|Any CPU
	EndGlobalSection
	GlobalSection(ProjectConfigurationPlatforms) = postSolution
		{D3502B46-C777-453F-8235-4048AB8ED291}.Debug|Any CPU.ActiveCfg = Debug|Any CPU
		{D3502B46-C777-453F-8235-4048AB8ED291}.Debug|Any CPU.Build.0 = Debug|Any CPU
		{D3502B46-C777-453F-8235-4048AB8ED291}.Release|Any CPU.ActiveCfg = Release|Any CPU
		{D3502B46-C777-453F-8235-4048AB8ED291}.Release|Any CPU.Build.0 = Release|Any CPU
		{815A98CD-DB5F-4813-9CF4-94D37CCC0952}.Debug|Any CPU.ActiveCfg = Debug|Any CPU
		{815A98CD-DB5F-4813-9CF4-94D37CCC0952}.Debug|Any CPU.Build.0 = Debug|Any CPU
		{815A98CD-DB5F-4813-9CF4-94D37CCC0952}.Release|Any CPU.ActiveCfg = Release|Any CPU
		{815A98CD-DB5F-4813-9CF4-94D37CCC0952}.Release|Any CPU.Build.0 = Release|Any CPU
		{7A37433F-B9F7-4BB2-BD49-91F21F8BD197}.Debug|Any CPU.ActiveCfg = Debug|Any CPU
		{7A37433F-B9F7-4BB2-BD49-91F21F8BD197}.Debug|Any CPU.Build.0 = Debug|Any CPU
		{7A37433F-B9F7-4BB2-BD49-91F21F8BD197}.Release|Any CPU.ActiveCfg = Release|Any CPU
		{7A37433F-B9F7-4BB2-BD49-91F21F8BD197}.Release|Any CPU.Build.0 = Release|Any CPU
	EndGlobalSection
	GlobalSection(SolutionProperties) = preSolution
		HideSolutionNode = FALSE
	EndGlobalSection
	GlobalSection(ExtensibilityGlobals) = postSolution
		SolutionGuid = {77C3C181-3586-46F1-9154-C6528BFA9ECB}
	EndGlobalSection
EndGlobal
