
Microsoft Visual Studio Solution File, Format Version 12.00
# Visual Studio Version 17
VisualStudioVersion = 17.10.34916.146
MinimumVisualStudioVersion = 10.0.40219.1
Project("{9A19103F-16F7-4668-BE54-9A1E7A4F7556}") = "Godoy.Domain", "Godoy.Domain\Godoy.Domain.csproj", "{30B01033-5739-41B1-B524-DD52F8F9E094}"
EndProject
Project("{9A19103F-16F7-4668-BE54-9A1E7A4F7556}") = "Godoy.WebApi", "Godoy.WebApi\Godoy.WebApi.csproj", "{E1441E84-802E-4366-B8B8-BE2D5DDC4342}"
EndProject
Project("{9A19103F-16F7-4668-BE54-9A1E7A4F7556}") = "Godoy.Presentacion", "Godoy.Presentacion\Godoy.Presentacion.csproj", "{57361902-E8B3-4529-B0EF-8EA82FA6315B}"
EndProject
Project("{FAE04EC0-301F-11D3-BF4B-00C04F79EFBC}") = "Godoy.Blazor", "Godoy.Blazor\Godoy.Blazor.csproj", "{B2E92D1B-DB23-4C18-9BFB-42FA97FD4847}"
EndProject
Global
	GlobalSection(SolutionConfigurationPlatforms) = preSolution
		Debug|Any CPU = Debug|Any CPU
		Release|Any CPU = Release|Any CPU
	EndGlobalSection
	GlobalSection(ProjectConfigurationPlatforms) = postSolution
		{30B01033-5739-41B1-B524-DD52F8F9E094}.Debug|Any CPU.ActiveCfg = Debug|Any CPU
		{30B01033-5739-41B1-B524-DD52F8F9E094}.Debug|Any CPU.Build.0 = Debug|Any CPU
		{30B01033-5739-41B1-B524-DD52F8F9E094}.Release|Any CPU.ActiveCfg = Release|Any CPU
		{30B01033-5739-41B1-B524-DD52F8F9E094}.Release|Any CPU.Build.0 = Release|Any CPU
		{E1441E84-802E-4366-B8B8-BE2D5DDC4342}.Debug|Any CPU.ActiveCfg = Debug|Any CPU
		{E1441E84-802E-4366-B8B8-BE2D5DDC4342}.Debug|Any CPU.Build.0 = Debug|Any CPU
		{E1441E84-802E-4366-B8B8-BE2D5DDC4342}.Release|Any CPU.ActiveCfg = Release|Any CPU
		{E1441E84-802E-4366-B8B8-BE2D5DDC4342}.Release|Any CPU.Build.0 = Release|Any CPU
		{57361902-E8B3-4529-B0EF-8EA82FA6315B}.Debug|Any CPU.ActiveCfg = Debug|Any CPU
		{57361902-E8B3-4529-B0EF-8EA82FA6315B}.Debug|Any CPU.Build.0 = Debug|Any CPU
		{57361902-E8B3-4529-B0EF-8EA82FA6315B}.Release|Any CPU.ActiveCfg = Release|Any CPU
		{57361902-E8B3-4529-B0EF-8EA82FA6315B}.Release|Any CPU.Build.0 = Release|Any CPU
		{B2E92D1B-DB23-4C18-9BFB-42FA97FD4847}.Debug|Any CPU.ActiveCfg = Debug|Any CPU
		{B2E92D1B-DB23-4C18-9BFB-42FA97FD4847}.Debug|Any CPU.Build.0 = Debug|Any CPU
		{B2E92D1B-DB23-4C18-9BFB-42FA97FD4847}.Release|Any CPU.ActiveCfg = Release|Any CPU
		{B2E92D1B-DB23-4C18-9BFB-42FA97FD4847}.Release|Any CPU.Build.0 = Release|Any CPU
	EndGlobalSection
	GlobalSection(SolutionProperties) = preSolution
		HideSolutionNode = FALSE
	EndGlobalSection
	GlobalSection(ExtensibilityGlobals) = postSolution
		SolutionGuid = {6F76B8F1-4851-4786-9E3B-C957043650F1}
	EndGlobalSection
EndGlobal
