
Microsoft Visual Studio Solution File, Format Version 12.00
# Visual Studio Version 17
VisualStudioVersion = 17.9.34714.143
MinimumVisualStudioVersion = 10.0.40219.1
Project("{FAE04EC0-301F-11D3-BF4B-00C04F79EFBC}") = "Decision", "Decision.csproj", "{8EBB16D4-D97D-453E-9AA3-26BD64E1CAD9}"
EndProject
Project("{FAE04EC0-301F-11D3-BF4B-00C04F79EFBC}") = "Iteracion", "..\Iteracion\Iteracion.csproj", "{D572291D-794B-4A0C-9116-CF32C3864F25}"
EndProject
Global
	GlobalSection(SolutionConfigurationPlatforms) = preSolution
		Debug|Any CPU = Debug|Any CPU
		Release|Any CPU = Release|Any CPU
	EndGlobalSection
	GlobalSection(ProjectConfigurationPlatforms) = postSolution
		{8EBB16D4-D97D-453E-9AA3-26BD64E1CAD9}.Debug|Any CPU.ActiveCfg = Debug|Any CPU
		{8EBB16D4-D97D-453E-9AA3-26BD64E1CAD9}.Debug|Any CPU.Build.0 = Debug|Any CPU
		{8EBB16D4-D97D-453E-9AA3-26BD64E1CAD9}.Release|Any CPU.ActiveCfg = Release|Any CPU
		{8EBB16D4-D97D-453E-9AA3-26BD64E1CAD9}.Release|Any CPU.Build.0 = Release|Any CPU
		{D572291D-794B-4A0C-9116-CF32C3864F25}.Debug|Any CPU.ActiveCfg = Debug|Any CPU
		{D572291D-794B-4A0C-9116-CF32C3864F25}.Debug|Any CPU.Build.0 = Debug|Any CPU
		{D572291D-794B-4A0C-9116-CF32C3864F25}.Release|Any CPU.ActiveCfg = Release|Any CPU
		{D572291D-794B-4A0C-9116-CF32C3864F25}.Release|Any CPU.Build.0 = Release|Any CPU
	EndGlobalSection
	GlobalSection(SolutionProperties) = preSolution
		HideSolutionNode = FALSE
	EndGlobalSection
	GlobalSection(ExtensibilityGlobals) = postSolution
		SolutionGuid = {A5F889B0-C914-4A96-B600-214953C6A924}
	EndGlobalSection
EndGlobal
